
Microsoft Visual Studio Solution File, Format Version 12.00
# Visual Studio Version 17
VisualStudioVersion = 17.13.35931.197 d17.13
MinimumVisualStudioVersion = 10.0.40219.1
Project("{FAE04EC0-301F-11D3-BF4B-00C04F79EFBC}") = "CountdownTimer", "CountdownTimer\CountdownTimer.csproj", "{781EDDA5-CFAD-4E3B-8294-8CA0F662143B}"
EndProject
Global
	GlobalSection(SolutionConfigurationPlatforms) = preSolution
		Debug|Any CPU = Debug|Any CPU
		Release|Any CPU = Release|Any CPU
	EndGlobalSection
	GlobalSection(ProjectConfigurationPlatforms) = postSolution
		{781EDDA5-CFAD-4E3B-8294-8CA0F662143B}.Debug|Any CPU.ActiveCfg = Debug|Any CPU
		{781EDDA5-CFAD-4E3B-8294-8CA0F662143B}.Debug|Any CPU.Build.0 = Debug|Any CPU
		{781EDDA5-CFAD-4E3B-8294-8CA0F662143B}.Release|Any CPU.ActiveCfg = Release|Any CPU
		{781EDDA5-CFAD-4E3B-8294-8CA0F662143B}.Release|Any CPU.Build.0 = Release|Any CPU
	EndGlobalSection
	GlobalSection(SolutionProperties) = preSolution
		HideSolutionNode = FALSE
	EndGlobalSection
	GlobalSection(ExtensibilityGlobals) = postSolution
		SolutionGuid = {E604D771-BCE7-406F-9AA2-36166EE9E1F5}
	EndGlobalSection
EndGlobal
